{
  "version": 4,
  "terraform_version": "1.5.7",
  "serial": 131,
  "lineage": "afe4cf07-1494-c33b-0971-b792bdf5610e",
  "outputs": {
    "website_url": {
      "value": "my-simple-website-achshah-12345.s3-website.ap-south-1.amazonaws.com",
      "type": "string"
    }
  },
  "resources": [
    {
      "mode": "managed",
      "type": "aws_cloudfront_distribution",
      "name": "my_cloudfront_distribution",
      "provider": "provider[\"registry.terraform.io/hashicorp/aws\"]",
      "instances": [
        {
          "schema_version": 1,
          "attributes": {
            "aliases": [],
            "arn": "arn:aws:cloudfront::405390185447:distribution/EW8VLVCEQMNWG",
            "caller_reference": "terraform-20230924060443841600000003",
            "comment": null,
            "custom_error_response": [],
            "default_cache_behavior": [
              {
                "allowed_methods": [
                  "DELETE",
                  "GET",
                  "HEAD",
                  "OPTIONS",
                  "PATCH",
                  "POST",
                  "PUT"
                ],
                "cache_policy_id": "",
                "cached_methods": [
                  "GET",
                  "HEAD"
                ],
                "compress": false,
                "default_ttl": 3600,
                "field_level_encryption_id": "",
                "forwarded_values": [
                  {
                    "cookies": [
                      {
                        "forward": "none",
                        "whitelisted_names": []
                      }
                    ],
                    "headers": [
                      "Origin"
                    ],
                    "query_string": false,
                    "query_string_cache_keys": []
                  }
                ],
                "function_association": [],
                "lambda_function_association": [],
                "max_ttl": 86400,
                "min_ttl": 0,
                "origin_request_policy_id": "",
                "realtime_log_config_arn": "",
                "response_headers_policy_id": "",
                "smooth_streaming": false,
                "target_origin_id": "myS3Origin",
                "trusted_key_groups": [],
                "trusted_signers": [],
                "viewer_protocol_policy": "redirect-to-https"
              }
            ],
            "default_root_object": "index.html",
            "domain_name": "d23kt1ayb0yach.cloudfront.net",
            "enabled": true,
            "etag": "E3GAGXELD6OWU5",
            "hosted_zone_id": "Z2FDTNDATAQYW2",
            "http_version": "http2",
            "id": "EW8VLVCEQMNWG",
            "in_progress_validation_batches": 0,
            "is_ipv6_enabled": true,
            "last_modified_time": "2023-09-24 06:04:48.511 +0000 UTC",
            "logging_config": [
              {
                "bucket": "my-simple-website-log-bucket-12345.s3.amazonaws.com",
                "include_cookies": false,
                "prefix": "cf-logs/"
              }
            ],
            "ordered_cache_behavior": [],
            "origin": [
              {
                "connection_attempts": 3,
                "connection_timeout": 10,
                "custom_header": [],
                "custom_origin_config": [],
                "domain_name": "my-simple-website-achshah-12345.s3.ap-south-1.amazonaws.com",
                "origin_id": "myS3Origin",
                "origin_path": "",
                "origin_shield": [],
                "s3_origin_config": [
                  {
                    "origin_access_identity": "origin-access-identity/cloudfront/ETWDHN35N824T"
                  }
                ]
              }
            ],
            "origin_group": [],
            "price_class": "PriceClass_All",
            "restrictions": [
              {
                "geo_restriction": [
                  {
                    "locations": [],
                    "restriction_type": "none"
                  }
                ]
              }
            ],
            "retain_on_delete": false,
            "status": "Deployed",
            "tags": {
              "Environment": "production",
              "Project": "my_simple_website"
            },
            "tags_all": {
              "Environment": "production",
              "Project": "my_simple_website"
            },
            "trusted_key_groups": [
              {
                "enabled": false,
                "items": []
              }
            ],
            "trusted_signers": [
              {
                "enabled": false,
                "items": []
              }
            ],
            "viewer_certificate": [
              {
                "acm_certificate_arn": "",
                "cloudfront_default_certificate": true,
                "iam_certificate_id": "",
                "minimum_protocol_version": "TLSv1",
                "ssl_support_method": ""
              }
            ],
            "wait_for_deployment": true,
            "web_acl_id": ""
          },
          "sensitive_attributes": [],
          "private": "eyJzY2hlbWFfdmVyc2lvbiI6IjEifQ==",
          "dependencies": [
            "aws_cloudfront_origin_access_identity.origin_access_identity",
            "aws_s3_bucket.my_website_bucket"
          ]
        }
      ]
    },
    {
      "mode": "managed",
      "type": "aws_cloudfront_origin_access_identity",
      "name": "origin_access_identity",
      "provider": "provider[\"registry.terraform.io/hashicorp/aws\"]",
      "instances": [
        {
          "schema_version": 0,
          "attributes": {
            "caller_reference": "terraform-20230924060435038600000001",
            "cloudfront_access_identity_path": "origin-access-identity/cloudfront/ETWDHN35N824T",
            "comment": "cloudfront-origin-access-identity",
            "etag": "E1JWZ3QXOLW090",
            "iam_arn": "arn:aws:iam::cloudfront:user/CloudFront Origin Access Identity ETWDHN35N824T",
            "id": "ETWDHN35N824T",
            "s3_canonical_user_id": "6e051d391257d185673f431b615c73904ab3baca37fb5851dc1d19b9963b24e7c02fedcd2c5e40352cc5c09406610dd9"
          },
          "sensitive_attributes": [],
          "private": "bnVsbA=="
        }
      ]
    },
    {
      "mode": "managed",
      "type": "aws_cloudwatch_dashboard",
      "name": "my_dashboard",
      "provider": "provider[\"registry.terraform.io/hashicorp/aws\"]",
      "instances": [
        {
          "schema_version": 0,
          "attributes": {
            "dashboard_arn": "arn:aws:cloudwatch::405390185447:dashboard/my_dashboard",
            "dashboard_body": "{\n  \"widgets\": [\n    {\n      \"type\": \"metric\",\n      \"x\": 0,\n      \"y\": 0,\n      \"width\": 12,\n      \"height\": 6,\n      \"properties\": {\n        \"metrics\": [\n          [ \"AWS/S3\", \"NumberOfObjects\", \"BucketName\", \"my-simple-website-achshah-12345\" ]\n        ],\n        \"view\": \"timeSeries\",\n        \"stacked\": false,\n        \"region\": \"ap-south-1\",\n        \"title\": \"S3: Number of Objects\"\n      }\n    },\n    {\n      \"type\": \"metric\",\n      \"x\": 0,\n      \"y\": 7,\n      \"width\": 12,\n      \"height\": 6,\n      \"properties\": {\n        \"metrics\": [\n          [ \"AWS/CloudFront\", \"RequestCount\", \"DistributionId\", \"EW8VLVCEQMNWG\" ]\n        ],\n        \"view\": \"timeSeries\",\n        \"stacked\": false,\n        \"region\": \"ap-south-1\",\n        \"title\": \"CloudFront: Request Count\"\n      }\n    },\n    {\n      \"type\": \"metric\",\n      \"x\": 13,\n      \"y\": 0,\n      \"width\": 12,\n      \"height\": 6,\n      \"properties\": {\n        \"metrics\": [\n          [ \"AWS/CloudFront\", \"4XXErrorRate\", \"DistributionId\", \"EW8VLVCEQMNWG\" ],\n          [ \".\", \"5XXErrorRate\", \".\", \".\" ]\n        ],\n        \"view\": \"timeSeries\",\n        \"stacked\": false,\n        \"region\": \"ap-south-1\",\n        \"title\": \"CloudFront: Error Rates\"\n      }\n    }\n  ]\n}\n",
            "dashboard_name": "my_dashboard",
            "id": "my_dashboard"
          },
          "sensitive_attributes": [],
          "private": "bnVsbA==",
          "dependencies": [
            "aws_cloudfront_distribution.my_cloudfront_distribution",
            "aws_cloudfront_origin_access_identity.origin_access_identity",
            "aws_s3_bucket.my_website_bucket"
          ]
        }
      ]
    },
    {
      "mode": "managed",
      "type": "aws_iam_policy",
      "name": "s3_access_policy",
      "provider": "provider[\"registry.terraform.io/hashicorp/aws\"]",
      "instances": [
        {
          "schema_version": 0,
          "attributes": {
            "arn": "arn:aws:iam::405390185447:policy/s3_access_policy",
            "description": "Policy for allowing S3 access",
            "id": "arn:aws:iam::405390185447:policy/s3_access_policy",
            "name": "s3_access_policy",
            "name_prefix": null,
            "path": "/",
            "policy": "{\"Statement\":[{\"Action\":[\"s3:GetObject\",\"s3:GetBucketAcl\",\"s3:PutBucketAcl\",\"s3:ListBucket\"],\"Effect\":\"Allow\",\"Resource\":[\"arn:aws:s3:::my-simple-website-achshah-12345/*\",\"arn:aws:s3:::my-simple-website-achshah-12345\",\"arn:aws:s3:::my-simple-website-log-bucket-12345/*\",\"arn:aws:s3:::my-simple-website-log-bucket-12345\"]}],\"Version\":\"2012-10-17\"}",
            "policy_id": "ANPAV4YZDKPTQVHLOQYYA",
            "tags": {},
            "tags_all": {}
          },
          "sensitive_attributes": [],
          "private": "bnVsbA=="
        }
      ]
    },
    {
      "mode": "managed",
      "type": "aws_iam_role",
      "name": "cloudfront_role",
      "provider": "provider[\"registry.terraform.io/hashicorp/aws\"]",
      "instances": [
        {
          "schema_version": 0,
          "attributes": {
            "arn": "arn:aws:iam::405390185447:role/cloudfront_role",
            "assume_role_policy": "{\"Version\":\"2012-10-17\",\"Statement\":[{\"Effect\":\"Allow\",\"Principal\":{\"Service\":\"cloudfront.amazonaws.com\"},\"Action\":\"sts:AssumeRole\"}]}",
            "create_date": "2023-09-24T06:04:36Z",
            "description": "",
            "force_detach_policies": false,
            "id": "cloudfront_role",
            "inline_policy": [
              {
                "name": "",
                "policy": ""
              }
            ],
            "managed_policy_arns": [
              "arn:aws:iam::405390185447:policy/s3_access_policy"
            ],
            "max_session_duration": 3600,
            "name": "cloudfront_role",
            "name_prefix": "",
            "path": "/",
            "permissions_boundary": null,
            "tags": {},
            "tags_all": {},
            "unique_id": "AROAV4YZDKPT23C2OUNNS"
          },
          "sensitive_attributes": [],
          "private": "bnVsbA=="
        }
      ]
    },
    {
      "mode": "managed",
      "type": "aws_iam_role_policy_attachment",
      "name": "attach_s3_access_policy",
      "provider": "provider[\"registry.terraform.io/hashicorp/aws\"]",
      "instances": [
        {
          "schema_version": 0,
          "attributes": {
            "id": "cloudfront_role-20230924060441557100000002",
            "policy_arn": "arn:aws:iam::405390185447:policy/s3_access_policy",
            "role": "cloudfront_role"
          },
          "sensitive_attributes": [],
          "private": "bnVsbA==",
          "dependencies": [
            "aws_iam_policy.s3_access_policy",
            "aws_iam_role.cloudfront_role"
          ]
        }
      ]
    },
    {
      "mode": "managed",
      "type": "aws_s3_bucket",
      "name": "my_log_bucket",
      "provider": "provider[\"registry.terraform.io/hashicorp/aws\"]",
      "instances": [
        {
          "schema_version": 0,
          "attributes": {
            "acceleration_status": "",
            "acl": "private",
            "arn": "arn:aws:s3:::my-simple-website-log-bucket-12345",
            "bucket": "my-simple-website-log-bucket-12345",
            "bucket_domain_name": "my-simple-website-log-bucket-12345.s3.amazonaws.com",
            "bucket_prefix": null,
            "bucket_regional_domain_name": "my-simple-website-log-bucket-12345.s3.ap-south-1.amazonaws.com",
            "cors_rule": [],
            "force_destroy": false,
            "grant": [
              {
                "id": null,
                "permissions": [
                  "READ_ACP",
                  "WRITE"
                ],
                "type": "Group",
                "uri": "http://acs.amazonaws.com/groups/s3/LogDelivery"
              }
            ],
            "hosted_zone_id": "Z11RGJOFQNVJUP",
            "id": "my-simple-website-log-bucket-12345",
            "lifecycle_rule": [],
            "logging": [],
            "object_lock_configuration": [],
            "object_lock_enabled": false,
            "policy": null,
            "region": "ap-south-1",
            "replication_configuration": [],
            "request_payer": "BucketOwner",
            "server_side_encryption_configuration": [
              {
                "rule": [
                  {
                    "apply_server_side_encryption_by_default": [
                      {
                        "kms_master_key_id": "",
                        "sse_algorithm": "AES256"
                      }
                    ],
                    "bucket_key_enabled": false
                  }
                ]
              }
            ],
            "tags": {},
            "tags_all": {},
            "versioning": [
              {
                "enabled": false,
                "mfa_delete": false
              }
            ],
            "website": [],
            "website_domain": null,
            "website_endpoint": null
          },
          "sensitive_attributes": [],
          "private": "bnVsbA=="
        }
      ]
    },
    {
      "mode": "managed",
      "type": "aws_s3_bucket",
      "name": "my_website_bucket",
      "provider": "provider[\"registry.terraform.io/hashicorp/aws\"]",
      "instances": [
        {
          "schema_version": 0,
          "attributes": {
            "acceleration_status": "",
            "acl": "private",
            "arn": "arn:aws:s3:::my-simple-website-achshah-12345",
            "bucket": "my-simple-website-achshah-12345",
            "bucket_domain_name": "my-simple-website-achshah-12345.s3.amazonaws.com",
            "bucket_prefix": null,
            "bucket_regional_domain_name": "my-simple-website-achshah-12345.s3.ap-south-1.amazonaws.com",
            "cors_rule": [],
            "force_destroy": false,
            "grant": [],
            "hosted_zone_id": "Z11RGJOFQNVJUP",
            "id": "my-simple-website-achshah-12345",
            "lifecycle_rule": [],
            "logging": [],
            "object_lock_configuration": [],
            "object_lock_enabled": false,
            "policy": null,
            "region": "ap-south-1",
            "replication_configuration": [],
            "request_payer": "BucketOwner",
            "server_side_encryption_configuration": [
              {
                "rule": [
                  {
                    "apply_server_side_encryption_by_default": [
                      {
                        "kms_master_key_id": "",
                        "sse_algorithm": "AES256"
                      }
                    ],
                    "bucket_key_enabled": false
                  }
                ]
              }
            ],
            "tags": {},
            "tags_all": {},
            "versioning": [
              {
                "enabled": false,
                "mfa_delete": false
              }
            ],
            "website": [
              {
                "error_document": "error.html",
                "index_document": "index.html",
                "redirect_all_requests_to": "",
                "routing_rules": ""
              }
            ],
            "website_domain": "s3-website.ap-south-1.amazonaws.com",
            "website_endpoint": "my-simple-website-achshah-12345.s3-website.ap-south-1.amazonaws.com"
          },
          "sensitive_attributes": [],
          "private": "bnVsbA=="
        }
      ]
    },
    {
      "mode": "managed",
      "type": "aws_s3_bucket_object",
      "name": "website_error",
      "provider": "provider[\"registry.terraform.io/hashicorp/aws\"]",
      "instances": [
        {
          "schema_version": 0,
          "attributes": {
            "acl": "private",
            "bucket": "my-simple-website-achshah-12345",
            "bucket_key_enabled": false,
            "cache_control": "",
            "content": null,
            "content_base64": null,
            "content_disposition": "",
            "content_encoding": "",
            "content_language": "",
            "content_type": "text/html",
            "etag": "4fc0bf3100b2e456250c389df633c6c5",
            "force_destroy": false,
            "id": "error.html",
            "key": "error.html",
            "kms_key_id": null,
            "metadata": {},
            "object_lock_legal_hold_status": "",
            "object_lock_mode": "",
            "object_lock_retain_until_date": "",
            "server_side_encryption": "AES256",
            "source": "website-files/error.html",
            "source_hash": null,
            "storage_class": "STANDARD",
            "tags": {},
            "tags_all": {},
            "version_id": "",
            "website_redirect": ""
          },
          "sensitive_attributes": [],
          "private": "bnVsbA==",
          "dependencies": [
            "aws_s3_bucket.my_website_bucket"
          ]
        }
      ]
    },
    {
      "mode": "managed",
      "type": "aws_s3_bucket_object",
      "name": "website_index",
      "provider": "provider[\"registry.terraform.io/hashicorp/aws\"]",
      "instances": [
        {
          "schema_version": 0,
          "attributes": {
            "acl": "private",
            "bucket": "my-simple-website-achshah-12345",
            "bucket_key_enabled": false,
            "cache_control": "",
            "content": null,
            "content_base64": null,
            "content_disposition": "",
            "content_encoding": "",
            "content_language": "",
            "content_type": "text/html",
            "etag": "3c40aba1f49db021461b62dc4f1b9d49",
            "force_destroy": false,
            "id": "index.html",
            "key": "index.html",
            "kms_key_id": null,
            "metadata": {},
            "object_lock_legal_hold_status": "",
            "object_lock_mode": "",
            "object_lock_retain_until_date": "",
            "server_side_encryption": "AES256",
            "source": "website-files/index.html",
            "source_hash": null,
            "storage_class": "STANDARD",
            "tags": {},
            "tags_all": {},
            "version_id": "",
            "website_redirect": ""
          },
          "sensitive_attributes": [],
          "private": "bnVsbA==",
          "dependencies": [
            "aws_s3_bucket.my_website_bucket"
          ]
        }
      ]
    },
    {
      "mode": "managed",
      "type": "aws_s3_bucket_policy",
      "name": "my_website_bucket_policy",
      "provider": "provider[\"registry.terraform.io/hashicorp/aws\"]",
      "instances": [
        {
          "schema_version": 0,
          "attributes": {
            "bucket": "my-simple-website-achshah-12345",
            "id": "my-simple-website-achshah-12345",
            "policy": "{\n  \"Version\": \"2012-10-17\",\n  \"Statement\": [\n    {\n      \"Sid\": \"PublicReadGetObject\",\n      \"Effect\": \"Allow\",\n      \"Principal\": \"*\",\n      \"Action\": \"s3:GetObject\",\n      \"Resource\": \"arn:aws:s3:::my-simple-website-achshah-12345/*\"\n    }\n  ]\n}\n"
          },
          "sensitive_attributes": [],
          "private": "bnVsbA==",
          "dependencies": [
            "aws_s3_bucket.my_website_bucket"
          ]
        }
      ]
    },
    {
      "mode": "managed",
      "type": "aws_s3_bucket_public_access_block",
      "name": "my_log_bucket_access_block",
      "provider": "provider[\"registry.terraform.io/hashicorp/aws\"]",
      "instances": [
        {
          "schema_version": 0,
          "attributes": {
            "block_public_acls": false,
            "block_public_policy": false,
            "bucket": "my-simple-website-log-bucket-12345",
            "id": "my-simple-website-log-bucket-12345",
            "ignore_public_acls": false,
            "restrict_public_buckets": false
          },
          "sensitive_attributes": [],
          "private": "bnVsbA==",
          "dependencies": [
            "aws_s3_bucket.my_log_bucket"
          ]
        }
      ]
    }
  ],
  "check_results": null
}
